// !$*UTF8*$!
{
	archiveVersion = 1;
	classes = {
	};
	objectVersion = 46;
	objects = {

/* Begin PBXBuildFile section */
		17E98B2D20285D5B004DF59F /* AppDelegate.swift in Sources */ = {isa = PBXBuildFile; fileRef = 17E98B2C20285D5B004DF59F /* AppDelegate.swift */; };
		17E98B2F20285D5B004DF59F /* ViewController.swift in Sources */ = {isa = PBXBuildFile; fileRef = 17E98B2E20285D5B004DF59F /* ViewController.swift */; };
		17E98B3220285D5B004DF59F /* Main.storyboard in Resources */ = {isa = PBXBuildFile; fileRef = 17E98B3020285D5B004DF59F /* Main.storyboard */; };
		17E98B3420285D5B004DF59F /* Assets.xcassets in Resources */ = {isa = PBXBuildFile; fileRef = 17E98B3320285D5B004DF59F /* Assets.xcassets */; };
		17E98B3720285D5B004DF59F /* LaunchScreen.storyboard in Resources */ = {isa = PBXBuildFile; fileRef = 17E98B3520285D5B004DF59F /* LaunchScreen.storyboard */; };
		17E98B4220285D5C004DF59F /* tableview_taskTests.swift in Sources */ = {isa = PBXBuildFile; fileRef = 17E98B4120285D5C004DF59F /* tableview_taskTests.swift */; };
		17E98B4D20285D5C004DF59F /* tableview_taskUITests.swift in Sources */ = {isa = PBXBuildFile; fileRef = 17E98B4C20285D5C004DF59F /* tableview_taskUITests.swift */; };
		17E98B5B20286350004DF59F /* CustomCell.swift in Sources */ = {isa = PBXBuildFile; fileRef = 17E98B5A20286350004DF59F /* CustomCell.swift */; };
		6513014C8FC4256C5705A6FE /* Pods_tableview_task.framework in Frameworks */ = {isa = PBXBuildFile; fileRef = C74F48EA94C40BCD347FF17F /* Pods_tableview_task.framework */; };
		812421F47672E0C8DAAF80EB /* Pods_tableview_taskUITests.framework in Frameworks */ = {isa = PBXBuildFile; fileRef = 71C7C9E2891D4A994E066ACC /* Pods_tableview_taskUITests.framework */; };
		F9B047CE492EE3997AC6F634 /* Pods_tableview_taskTests.framework in Frameworks */ = {isa = PBXBuildFile; fileRef = 22069702CD5E64C201A2D1BD /* Pods_tableview_taskTests.framework */; };
/* End PBXBuildFile section */

/* Begin PBXContainerItemProxy section */
		17E98B3E20285D5C004DF59F /* PBXContainerItemProxy */ = {
			isa = PBXContainerItemProxy;
			containerPortal = 17E98B2120285D5B004DF59F /* Project object */;
			proxyType = 1;
			remoteGlobalIDString = 17E98B2820285D5B004DF59F;
			remoteInfo = tableview_task;
		};
		17E98B4920285D5C004DF59F /* PBXContainerItemProxy */ = {
			isa = PBXContainerItemProxy;
			containerPortal = 17E98B2120285D5B004DF59F /* Project object */;
			proxyType = 1;
			remoteGlobalIDString = 17E98B2820285D5B004DF59F;
			remoteInfo = tableview_task;
		};
/* End PBXContainerItemProxy section */

/* Begin PBXFileReference section */
		1174E47E1EEA2734053B04C3 /* Pods-tableview_task.debug.xcconfig */ = {isa = PBXFileReference; includeInIndex = 1; lastKnownFileType = text.xcconfig; name = "Pods-tableview_task.debug.xcconfig"; path = "Pods/Target Support Files/Pods-tableview_task/Pods-tableview_task.debug.xcconfig"; sourceTree = "<group>"; };
		17E98B2920285D5B004DF59F /* tableview_task.app */ = {isa = PBXFileReference; explicitFileType = wrapper.application; includeInIndex = 0; path = tableview_task.app; sourceTree = BUILT_PRODUCTS_DIR; };
		17E98B2C20285D5B004DF59F /* AppDelegate.swift */ = {isa = PBXFileReference; lastKnownFileType = sourcecode.swift; path = AppDelegate.swift; sourceTree = "<group>"; };
		17E98B2E20285D5B004DF59F /* ViewController.swift */ = {isa = PBXFileReference; lastKnownFileType = sourcecode.swift; path = ViewController.swift; sourceTree = "<group>"; };
		17E98B3120285D5B004DF59F /* Base */ = {isa = PBXFileReference; lastKnownFileType = file.storyboard; name = Base; path = Base.lproj/Main.storyboard; sourceTree = "<group>"; };
		17E98B3320285D5B004DF59F /* Assets.xcassets */ = {isa = PBXFileReference; lastKnownFileType = folder.assetcatalog; path = Assets.xcassets; sourceTree = "<group>"; };
		17E98B3620285D5B004DF59F /* Base */ = {isa = PBXFileReference; lastKnownFileType = file.storyboard; name = Base; path = Base.lproj/LaunchScreen.storyboard; sourceTree = "<group>"; };
		17E98B3820285D5B004DF59F /* Info.plist */ = {isa = PBXFileReference; lastKnownFileType = text.plist.xml; path = Info.plist; sourceTree = "<group>"; };
		17E98B3D20285D5C004DF59F /* tableview_taskTests.xctest */ = {isa = PBXFileReference; explicitFileType = wrapper.cfbundle; includeInIndex = 0; path = tableview_taskTests.xctest; sourceTree = BUILT_PRODUCTS_DIR; };
		17E98B4120285D5C004DF59F /* tableview_taskTests.swift */ = {isa = PBXFileReference; lastKnownFileType = sourcecode.swift; path = tableview_taskTests.swift; sourceTree = "<group>"; };
		17E98B4320285D5C004DF59F /* Info.plist */ = {isa = PBXFileReference; lastKnownFileType = text.plist.xml; path = Info.plist; sourceTree = "<group>"; };
		17E98B4820285D5C004DF59F /* tableview_taskUITests.xctest */ = {isa = PBXFileReference; explicitFileType = wrapper.cfbundle; includeInIndex = 0; path = tableview_taskUITests.xctest; sourceTree = BUILT_PRODUCTS_DIR; };
		17E98B4C20285D5C004DF59F /* tableview_taskUITests.swift */ = {isa = PBXFileReference; lastKnownFileType = sourcecode.swift; path = tableview_taskUITests.swift; sourceTree = "<group>"; };
		17E98B4E20285D5C004DF59F /* Info.plist */ = {isa = PBXFileReference; lastKnownFileType = text.plist.xml; path = Info.plist; sourceTree = "<group>"; };
		17E98B5A20286350004DF59F /* CustomCell.swift */ = {isa = PBXFileReference; fileEncoding = 4; lastKnownFileType = sourcecode.swift; path = CustomCell.swift; sourceTree = "<group>"; };
		22069702CD5E64C201A2D1BD /* Pods_tableview_taskTests.framework */ = {isa = PBXFileReference; explicitFileType = wrapper.framework; includeInIndex = 0; path = Pods_tableview_taskTests.framework; sourceTree = BUILT_PRODUCTS_DIR; };
		42FFD02556824564FB35C224 /* Pods-tableview_task.release.xcconfig */ = {isa = PBXFileReference; includeInIndex = 1; lastKnownFileType = text.xcconfig; name = "Pods-tableview_task.release.xcconfig"; path = "Pods/Target Support Files/Pods-tableview_task/Pods-tableview_task.release.xcconfig"; sourceTree = "<group>"; };
		49D6A316D3671154D1E29A52 /* Pods-tableview_taskUITests.debug.xcconfig */ = {isa = PBXFileReference; includeInIndex = 1; lastKnownFileType = text.xcconfig; name = "Pods-tableview_taskUITests.debug.xcconfig"; path = "Pods/Target Support Files/Pods-tableview_taskUITests/Pods-tableview_taskUITests.debug.xcconfig"; sourceTree = "<group>"; };
		71C7C9E2891D4A994E066ACC /* Pods_tableview_taskUITests.framework */ = {isa = PBXFileReference; explicitFileType = wrapper.framework; includeInIndex = 0; path = Pods_tableview_taskUITests.framework; sourceTree = BUILT_PRODUCTS_DIR; };
		743B9D420ED32FA98E4A6C57 /* Pods-tableview_taskUITests.release.xcconfig */ = {isa = PBXFileReference; includeInIndex = 1; lastKnownFileType = text.xcconfig; name = "Pods-tableview_taskUITests.release.xcconfig"; path = "Pods/Target Support Files/Pods-tableview_taskUITests/Pods-tableview_taskUITests.release.xcconfig"; sourceTree = "<group>"; };
		9583AEE9DA38C80897BE6DA9 /* Pods-tableview_taskTests.debug.xcconfig */ = {isa = PBXFileReference; includeInIndex = 1; lastKnownFileType = text.xcconfig; name = "Pods-tableview_taskTests.debug.xcconfig"; path = "Pods/Target Support Files/Pods-tableview_taskTests/Pods-tableview_taskTests.debug.xcconfig"; sourceTree = "<group>"; };
		ABA21AE7198A686B6A80199D /* Pods-tableview_taskTests.release.xcconfig */ = {isa = PBXFileReference; includeInIndex = 1; lastKnownFileType = text.xcconfig; name = "Pods-tableview_taskTests.release.xcconfig"; path = "Pods/Target Support Files/Pods-tableview_taskTests/Pods-tableview_taskTests.release.xcconfig"; sourceTree = "<group>"; };
		C74F48EA94C40BCD347FF17F /* Pods_tableview_task.framework */ = {isa = PBXFileReference; explicitFileType = wrapper.framework; includeInIndex = 0; path = Pods_tableview_task.framework; sourceTree = BUILT_PRODUCTS_DIR; };
/* End PBXFileReference section */

/* Begin PBXFrameworksBuildPhase section */
		17E98B2620285D5B004DF59F /* Frameworks */ = {
			isa = PBXFrameworksBuildPhase;
			buildActionMask = 2147483647;
			files = (
				6513014C8FC4256C5705A6FE /* Pods_tableview_task.framework in Frameworks */,
			);
			runOnlyForDeploymentPostprocessing = 0;
		};
		17E98B3A20285D5C004DF59F /* Frameworks */ = {
			isa = PBXFrameworksBuildPhase;
			buildActionMask = 2147483647;
			files = (
				F9B047CE492EE3997AC6F634 /* Pods_tableview_taskTests.framework in Frameworks */,
			);
			runOnlyForDeploymentPostprocessing = 0;
		};
		17E98B4520285D5C004DF59F /* Frameworks */ = {
			isa = PBXFrameworksBuildPhase;
			buildActionMask = 2147483647;
			files = (
				812421F47672E0C8DAAF80EB /* Pods_tableview_taskUITests.framework in Frameworks */,
			);
			runOnlyForDeploymentPostprocessing = 0;
		};
/* End PBXFrameworksBuildPhase section */

/* Begin PBXGroup section */
		17E98B2020285D5B004DF59F = {
			isa = PBXGroup;
			children = (
				17E98B2B20285D5B004DF59F /* tableview_task */,
				17E98B4020285D5C004DF59F /* tableview_taskTests */,
				17E98B4B20285D5C004DF59F /* tableview_taskUITests */,
				17E98B2A20285D5B004DF59F /* Products */,
				3BE47E120B570643AD9C92C4 /* Pods */,
				B2A6C8E3E579B7186BB6159C /* Frameworks */,
			);
			sourceTree = "<group>";
		};
		17E98B2A20285D5B004DF59F /* Products */ = {
			isa = PBXGroup;
			children = (
				17E98B2920285D5B004DF59F /* tableview_task.app */,
				17E98B3D20285D5C004DF59F /* tableview_taskTests.xctest */,
				17E98B4820285D5C004DF59F /* tableview_taskUITests.xctest */,
			);
			name = Products;
			sourceTree = "<group>";
		};
		17E98B2B20285D5B004DF59F /* tableview_task */ = {
			isa = PBXGroup;
			children = (
				17E98B2C20285D5B004DF59F /* AppDelegate.swift */,
				17E98B2E20285D5B004DF59F /* ViewController.swift */,
				17E98B5A20286350004DF59F /* CustomCell.swift */,
				17E98B3020285D5B004DF59F /* Main.storyboard */,
				17E98B3320285D5B004DF59F /* Assets.xcassets */,
				17E98B3520285D5B004DF59F /* LaunchScreen.storyboard */,
				17E98B3820285D5B004DF59F /* Info.plist */,
			);
			path = tableview_task;
			sourceTree = "<group>";
		};
		17E98B4020285D5C004DF59F /* tableview_taskTests */ = {
			isa = PBXGroup;
			children = (
				17E98B4120285D5C004DF59F /* tableview_taskTests.swift */,
				17E98B4320285D5C004DF59F /* Info.plist */,
			);
			path = tableview_taskTests;
			sourceTree = "<group>";
		};
		17E98B4B20285D5C004DF59F /* tableview_taskUITests */ = {
			isa = PBXGroup;
			children = (
				17E98B4C20285D5C004DF59F /* tableview_taskUITests.swift */,
				17E98B4E20285D5C004DF59F /* Info.plist */,
			);
			path = tableview_taskUITests;
			sourceTree = "<group>";
		};
		3BE47E120B570643AD9C92C4 /* Pods */ = {
			isa = PBXGroup;
			children = (
				1174E47E1EEA2734053B04C3 /* Pods-tableview_task.debug.xcconfig */,
				42FFD02556824564FB35C224 /* Pods-tableview_task.release.xcconfig */,
				9583AEE9DA38C80897BE6DA9 /* Pods-tableview_taskTests.debug.xcconfig */,
				ABA21AE7198A686B6A80199D /* Pods-tableview_taskTests.release.xcconfig */,
				49D6A316D3671154D1E29A52 /* Pods-tableview_taskUITests.debug.xcconfig */,
				743B9D420ED32FA98E4A6C57 /* Pods-tableview_taskUITests.release.xcconfig */,
			);
			name = Pods;
			sourceTree = "<group>";
		};
		B2A6C8E3E579B7186BB6159C /* Frameworks */ = {
			isa = PBXGroup;
			children = (
				C74F48EA94C40BCD347FF17F /* Pods_tableview_task.framework */,
				22069702CD5E64C201A2D1BD /* Pods_tableview_taskTests.framework */,
				71C7C9E2891D4A994E066ACC /* Pods_tableview_taskUITests.framework */,
			);
			name = Frameworks;
			sourceTree = "<group>";
		};
/* End PBXGroup section */

/* Begin PBXNativeTarget section */
		17E98B2820285D5B004DF59F /* tableview_task */ = {
			isa = PBXNativeTarget;
			buildConfigurationList = 17E98B5120285D5C004DF59F /* Build configuration list for PBXNativeTarget "tableview_task" */;
			buildPhases = (
				21A7E2BD8D489DE701497B79 /* [CP] Check Pods Manifest.lock */,
				17E98B2520285D5B004DF59F /* Sources */,
				17E98B2620285D5B004DF59F /* Frameworks */,
				17E98B2720285D5B004DF59F /* Resources */,
				77A7E11F1CC039FFB2762248 /* [CP] Embed Pods Frameworks */,
				876F379DF6A5EECFB6F858D3 /* [CP] Copy Pods Resources */,
			);
			buildRules = (
			);
			dependencies = (
			);
			name = tableview_task;
			productName = tableview_task;
			productReference = 17E98B2920285D5B004DF59F /* tableview_task.app */;
			productType = "com.apple.product-type.application";
		};
		17E98B3C20285D5C004DF59F /* tableview_taskTests */ = {
			isa = PBXNativeTarget;
			buildConfigurationList = 17E98B5420285D5C004DF59F /* Build configuration list for PBXNativeTarget "tableview_taskTests" */;
			buildPhases = (
				F04C274517A09B6244FA426C /* [CP] Check Pods Manifest.lock */,
				17E98B3920285D5C004DF59F /* Sources */,
				17E98B3A20285D5C004DF59F /* Frameworks */,
				17E98B3B20285D5C004DF59F /* Resources */,
				3E614617ECA6B61D028D5428 /* [CP] Embed Pods Frameworks */,
				9DF724F0F5B8532B79199545 /* [CP] Copy Pods Resources */,
			);
			buildRules = (
			);
			dependencies = (
				17E98B3F20285D5C004DF59F /* PBXTargetDependency */,
			);
			name = tableview_taskTests;
			productName = tableview_taskTests;
			productReference = 17E98B3D20285D5C004DF59F /* tableview_taskTests.xctest */;
			productType = "com.apple.product-type.bundle.unit-test";
		};
		17E98B4720285D5C004DF59F /* tableview_taskUITests */ = {
			isa = PBXNativeTarget;
			buildConfigurationList = 17E98B5720285D5C004DF59F /* Build configuration list for PBXNativeTarget "tableview_taskUITests" */;
			buildPhases = (
				C5104B907B86D47A683522B9 /* [CP] Check Pods Manifest.lock */,
				17E98B4420285D5C004DF59F /* Sources */,
				17E98B4520285D5C004DF59F /* Frameworks */,
				17E98B4620285D5C004DF59F /* Resources */,
				DB927F2217A09EA3F24C2918 /* [CP] Embed Pods Frameworks */,
				227B0389E8AB8A56ED7EC4D7 /* [CP] Copy Pods Resources */,
			);
			buildRules = (
			);
			dependencies = (
				17E98B4A20285D5C004DF59F /* PBXTargetDependency */,
			);
			name = tableview_taskUITests;
			productName = tableview_taskUITests;
			productReference = 17E98B4820285D5C004DF59F /* tableview_taskUITests.xctest */;
			productType = "com.apple.product-type.bundle.ui-testing";
		};
/* End PBXNativeTarget section */

/* Begin PBXProject section */
		17E98B2120285D5B004DF59F /* Project object */ = {
			isa = PBXProject;
			attributes = {
				LastSwiftUpdateCheck = 0820;
				LastUpgradeCheck = 0820;
				ORGANIZATIONNAME = Rahul;
				TargetAttributes = {
					17E98B2820285D5B004DF59F = {
						CreatedOnToolsVersion = 8.2.1;
						ProvisioningStyle = Automatic;
					};
					17E98B3C20285D5C004DF59F = {
						CreatedOnToolsVersion = 8.2.1;
						ProvisioningStyle = Automatic;
						TestTargetID = 17E98B2820285D5B004DF59F;
					};
					17E98B4720285D5C004DF59F = {
						CreatedOnToolsVersion = 8.2.1;
						ProvisioningStyle = Automatic;
						TestTargetID = 17E98B2820285D5B004DF59F;
					};
				};
			};
			buildConfigurationList = 17E98B2420285D5B004DF59F /* Build configuration list for PBXProject "tableview_task" */;
			compatibilityVersion = "Xcode 3.2";
			developmentRegion = English;
			hasScannedForEncodings = 0;
			knownRegions = (
				en,
				Base,
			);
			mainGroup = 17E98B2020285D5B004DF59F;
			productRefGroup = 17E98B2A20285D5B004DF59F /* Products */;
			projectDirPath = "";
			projectRoot = "";
			targets = (
				17E98B2820285D5B004DF59F /* tableview_task */,
				17E98B3C20285D5C004DF59F /* tableview_taskTests */,
				17E98B4720285D5C004DF59F /* tableview_taskUITests */,
			);
		};
/* End PBXProject section */

/* Begin PBXResourcesBuildPhase section */
		17E98B2720285D5B004DF59F /* Resources */ = {
			isa = PBXResourcesBuildPhase;
			buildActionMask = 2147483647;
			files = (
				17E98B3720285D5B004DF59F /* LaunchScreen.storyboard in Resources */,
				17E98B3420285D5B004DF59F /* Assets.xcassets in Resources */,
				17E98B3220285D5B004DF59F /* Main.storyboard in Resources */,
			);
			runOnlyForDeploymentPostprocessing = 0;
		};
		17E98B3B20285D5C004DF59F /* Resources */ = {
			isa = PBXResourcesBuildPhase;
			buildActionMask = 2147483647;
			files = (
			);
			runOnlyForDeploymentPostprocessing = 0;
		};
		17E98B4620285D5C004DF59F /* Resources */ = {
			isa = PBXResourcesBuildPhase;
			buildActionMask = 2147483647;
			files = (
			);
			runOnlyForDeploymentPostprocessing = 0;
		};
/* End PBXResourcesBuildPhase section */

/* Begin PBXShellScriptBuildPhase section */
		21A7E2BD8D489DE701497B79 /* [CP] Check Pods Manifest.lock */ = {
			isa = PBXShellScriptBuildPhase;
			buildActionMask = 2147483647;
			files = (
			);
			inputPaths = (
				"${PODS_PODFILE_DIR_PATH}/Podfile.lock",
				"${PODS_ROOT}/Manifest.lock",
			);
			name = "[CP] Check Pods Manifest.lock";
			outputPaths = (
				"$(DERIVED_FILE_DIR)/Pods-tableview_task-checkManifestLockResult.txt",
			);
			runOnlyForDeploymentPostprocessing = 0;
			shellPath = /bin/sh;
			shellScript = "diff \"${PODS_PODFILE_DIR_PATH}/Podfile.lock\" \"${PODS_ROOT}/Manifest.lock\" > /dev/null\nif [ $? != 0 ] ; then\n    # print error to STDERR\n    echo \"error: The sandbox is not in sync with the Podfile.lock. Run 'pod install' or update your CocoaPods installation.\" >&2\n    exit 1\nfi\n# This output is used by Xcode 'outputs' to avoid re-running this script phase.\necho \"SUCCESS\" > \"${SCRIPT_OUTPUT_FILE_0}\"\n";
			showEnvVarsInLog = 0;
		};
		227B0389E8AB8A56ED7EC4D7 /* [CP] Copy Pods Resources */ = {
			isa = PBXShellScriptBuildPhase;
			buildActionMask = 2147483647;
			files = (
			);
			inputPaths = (
			);
			name = "[CP] Copy Pods Resources";
			outputPaths = (
			);
			runOnlyForDeploymentPostprocessing = 0;
			shellPath = /bin/sh;
			shellScript = "\"${SRCROOT}/Pods/Target Support Files/Pods-tableview_taskUITests/Pods-tableview_taskUITests-resources.sh\"\n";
			showEnvVarsInLog = 0;
		};
		3E614617ECA6B61D028D5428 /* [CP] Embed Pods Frameworks */ = {
			isa = PBXShellScriptBuildPhase;
			buildActionMask = 2147483647;
			files = (
			);
			inputPaths = (
			);
			name = "[CP] Embed Pods Frameworks";
			outputPaths = (
			);
			runOnlyForDeploymentPostprocessing = 0;
			shellPath = /bin/sh;
			shellScript = "\"${SRCROOT}/Pods/Target Support Files/Pods-tableview_taskTests/Pods-tableview_taskTests-frameworks.sh\"\n";
			showEnvVarsInLog = 0;
		};
		77A7E11F1CC039FFB2762248 /* [CP] Embed Pods Frameworks */ = {
			isa = PBXShellScriptBuildPhase;
			buildActionMask = 2147483647;
			files = (
			);
			inputPaths = (
				"${SRCROOT}/Pods/Target Support Files/Pods-tableview_task/Pods-tableview_task-frameworks.sh",
				"${BUILT_PRODUCTS_DIR}/PullToMakeSoup/PullToMakeSoup.framework",
				"${BUILT_PRODUCTS_DIR}/PullToRefresher/PullToRefresh.framework",
			);
			name = "[CP] Embed Pods Frameworks";
			outputPaths = (
				"${TARGET_BUILD_DIR}/${FRAMEWORKS_FOLDER_PATH}/PullToMakeSoup.framework",
				"${TARGET_BUILD_DIR}/${FRAMEWORKS_FOLDER_PATH}/PullToRefresh.framework",
			);
			runOnlyForDeploymentPostprocessing = 0;
			shellPath = /bin/sh;
			shellScript = "\"${SRCROOT}/Pods/Target Support Files/Pods-tableview_task/Pods-tableview_task-frameworks.sh\"\n";
			showEnvVarsInLog = 0;
		};
		876F379DF6A5EECFB6F858D3 /* [CP] Copy Pods Resources */ = {
			isa = PBXShellScriptBuildPhase;
			buildActionMask = 2147483647;
			files = (
			);
			inputPaths = (
			);
			name = "[CP] Copy Pods Resources";
			outputPaths = (
			);
			runOnlyForDeploymentPostprocessing = 0;
			shellPath = /bin/sh;
			shellScript = "\"${SRCROOT}/Pods/Target Support Files/Pods-tableview_task/Pods-tableview_task-resources.sh\"\n";
			showEnvVarsInLog = 0;
		};
		9DF724F0F5B8532B79199545 /* [CP] Copy Pods Resources */ = {
			isa = PBXShellScriptBuildPhase;
			buildActionMask = 2147483647;
			files = (
			);
			inputPaths = (
			);
			name = "[CP] Copy Pods Resources";
			outputPaths = (
			);
			runOnlyForDeploymentPostprocessing = 0;
			shellPath = /bin/sh;
			shellScript = "\"${SRCROOT}/Pods/Target Support Files/Pods-tableview_taskTests/Pods-tableview_taskTests-resources.sh\"\n";
			showEnvVarsInLog = 0;
		};
		C5104B907B86D47A683522B9 /* [CP] Check Pods Manifest.lock */ = {
			isa = PBXShellScriptBuildPhase;
			buildActionMask = 2147483647;
			files = (
			);
			inputPaths = (
				"${PODS_PODFILE_DIR_PATH}/Podfile.lock",
				"${PODS_ROOT}/Manifest.lock",
			);
			name = "[CP] Check Pods Manifest.lock";
			outputPaths = (
				"$(DERIVED_FILE_DIR)/Pods-tableview_taskUITests-checkManifestLockResult.txt",
			);
			runOnlyForDeploymentPostprocessing = 0;
			shellPath = /bin/sh;
			shellScript = "diff \"${PODS_PODFILE_DIR_PATH}/Podfile.lock\" \"${PODS_ROOT}/Manifest.lock\" > /dev/null\nif [ $? != 0 ] ; then\n    # print error to STDERR\n    echo \"error: The sandbox is not in sync with the Podfile.lock. Run 'pod install' or update your CocoaPods installation.\" >&2\n    exit 1\nfi\n# This output is used by Xcode 'outputs' to avoid re-running this script phase.\necho \"SUCCESS\" > \"${SCRIPT_OUTPUT_FILE_0}\"\n";
			showEnvVarsInLog = 0;
		};
		DB927F2217A09EA3F24C2918 /* [CP] Embed Pods Frameworks */ = {
			isa = PBXShellScriptBuildPhase;
			buildActionMask = 2147483647;
			files = (
			);
			inputPaths = (
			);
			name = "[CP] Embed Pods Frameworks";
			outputPaths = (
			);
			runOnlyForDeploymentPostprocessing = 0;
			shellPath = /bin/sh;
			shellScript = "\"${SRCROOT}/Pods/Target Support Files/Pods-tableview_taskUITests/Pods-tableview_taskUITests-frameworks.sh\"\n";
			showEnvVarsInLog = 0;
		};
		F04C274517A09B6244FA426C /* [CP] Check Pods Manifest.lock */ = {
			isa = PBXShellScriptBuildPhase;
			buildActionMask = 2147483647;
			files = (
			);
			inputPaths = (
				"${PODS_PODFILE_DIR_PATH}/Podfile.lock",
				"${PODS_ROOT}/Manifest.lock",
			);
			name = "[CP] Check Pods Manifest.lock";
			outputPaths = (
				"$(DERIVED_FILE_DIR)/Pods-tableview_taskTests-checkManifestLockResult.txt",
			);
			runOnlyForDeploymentPostprocessing = 0;
			shellPath = /bin/sh;
			shellScript = "diff \"${PODS_PODFILE_DIR_PATH}/Podfile.lock\" \"${PODS_ROOT}/Manifest.lock\" > /dev/null\nif [ $? != 0 ] ; then\n    # print error to STDERR\n    echo \"error: The sandbox is not in sync with the Podfile.lock. Run 'pod install' or update your CocoaPods installation.\" >&2\n    exit 1\nfi\n# This output is used by Xcode 'outputs' to avoid re-running this script phase.\necho \"SUCCESS\" > \"${SCRIPT_OUTPUT_FILE_0}\"\n";
			showEnvVarsInLog = 0;
		};
/* End PBXShellScriptBuildPhase section */

/* Begin PBXSourcesBuildPhase section */
		17E98B2520285D5B004DF59F /* Sources */ = {
			isa = PBXSourcesBuildPhase;
			buildActionMask = 2147483647;
			files = (
				17E98B2F20285D5B004DF59F /* ViewController.swift in Sources */,
				17E98B5B20286350004DF59F /* CustomCell.swift in Sources */,
				17E98B2D20285D5B004DF59F /* AppDelegate.swift in Sources */,
			);
			runOnlyForDeploymentPostprocessing = 0;
		};
		17E98B3920285D5C004DF59F /* Sources */ = {
			isa = PBXSourcesBuildPhase;
			buildActionMask = 2147483647;
			files = (
				17E98B4220285D5C004DF59F /* tableview_taskTests.swift in Sources */,
			);
			runOnlyForDeploymentPostprocessing = 0;
		};
		17E98B4420285D5C004DF59F /* Sources */ = {
			isa = PBXSourcesBuildPhase;
			buildActionMask = 2147483647;
			files = (
				17E98B4D20285D5C004DF59F /* tableview_taskUITests.swift in Sources */,
			);
			runOnlyForDeploymentPostprocessing = 0;
		};
/* End PBXSourcesBuildPhase section */

/* Begin PBXTargetDependency section */
		17E98B3F20285D5C004DF59F /* PBXTargetDependency */ = {
			isa = PBXTargetDependency;
			target = 17E98B2820285D5B004DF59F /* tableview_task */;
			targetProxy = 17E98B3E20285D5C004DF59F /* PBXContainerItemProxy */;
		};
		17E98B4A20285D5C004DF59F /* PBXTargetDependency */ = {
			isa = PBXTargetDependency;
			target = 17E98B2820285D5B004DF59F /* tableview_task */;
			targetProxy = 17E98B4920285D5C004DF59F /* PBXContainerItemProxy */;
		};
/* End PBXTargetDependency section */

/* Begin PBXVariantGroup section */
		17E98B3020285D5B004DF59F /* Main.storyboard */ = {
			isa = PBXVariantGroup;
			children = (
				17E98B3120285D5B004DF59F /* Base */,
			);
			name = Main.storyboard;
			sourceTree = "<group>";
		};
		17E98B3520285D5B004DF59F /* LaunchScreen.storyboard */ = {
			isa = PBXVariantGroup;
			children = (
				17E98B3620285D5B004DF59F /* Base */,
			);
			name = LaunchScreen.storyboard;
			sourceTree = "<group>";
		};
/* End PBXVariantGroup section */

/* Begin XCBuildConfiguration section */
		17E98B4F20285D5C004DF59F /* Debug */ = {
			isa = XCBuildConfiguration;
			buildSettings = {
				ALWAYS_SEARCH_USER_PATHS = NO;
				CLANG_ANALYZER_NONNULL = YES;
				CLANG_CXX_LANGUAGE_STANDARD = "gnu++0x";
				CLANG_CXX_LIBRARY = "libc++";
				CLANG_ENABLE_MODULES = YES;
				CLANG_ENABLE_OBJC_ARC = YES;
				CLANG_WARN_BOOL_CONVERSION = YES;
				CLANG_WARN_CONSTANT_CONVERSION = YES;
				CLANG_WARN_DIRECT_OBJC_ISA_USAGE = YES_ERROR;
				CLANG_WARN_DOCUMENTATION_COMMENTS = YES;
				CLANG_WARN_EMPTY_BODY = YES;
				CLANG_WARN_ENUM_CONVERSION = YES;
				CLANG_WARN_INFINITE_RECURSION = YES;
				CLANG_WARN_INT_CONVERSION = YES;
				CLANG_WARN_OBJC_ROOT_CLASS = YES_ERROR;
				CLANG_WARN_SUSPICIOUS_MOVE = YES;
				CLANG_WARN_UNREACHABLE_CODE = YES;
				CLANG_WARN__DUPLICATE_METHOD_MATCH = YES;
				"CODE_SIGN_IDENTITY[sdk=iphoneos*]" = "iPhone Developer";
				COPY_PHASE_STRIP = NO;
				DEBUG_INFORMATION_FORMAT = dwarf;
				ENABLE_STRICT_OBJC_MSGSEND = YES;
				ENABLE_TESTABILITY = YES;
				GCC_C_LANGUAGE_STANDARD = gnu99;
				GCC_DYNAMIC_NO_PIC = NO;
				GCC_NO_COMMON_BLOCKS = YES;
				GCC_OPTIMIZATION_LEVEL = 0;
				GCC_PREPROCESSOR_DEFINITIONS = (
					"DEBUG=1",
					"$(inherited)",
				);
				GCC_WARN_64_TO_32_BIT_CONVERSION = YES;
				GCC_WARN_ABOUT_RETURN_TYPE = YES_ERROR;
				GCC_WARN_UNDECLARED_SELECTOR = YES;
				GCC_WARN_UNINITIALIZED_AUTOS = YES_AGGRESSIVE;
				GCC_WARN_UNUSED_FUNCTION = YES;
				GCC_WARN_UNUSED_VARIABLE = YES;
				IPHONEOS_DEPLOYMENT_TARGET = 10.2;
				MTL_ENABLE_DEBUG_INFO = YES;
				ONLY_ACTIVE_ARCH = YES;
				SDKROOT = iphoneos;
				SWIFT_ACTIVE_COMPILATION_CONDITIONS = DEBUG;
				SWIFT_OPTIMIZATION_LEVEL = "-Onone";
				TARGETED_DEVICE_FAMILY = "1,2";
			};
			name = Debug;
		};
		17E98B5020285D5C004DF59F /* Release */ = {
			isa = XCBuildConfiguration;
			buildSettings = {
				ALWAYS_SEARCH_USER_PATHS = NO;
				CLANG_ANALYZER_NONNULL = YES;
				CLANG_CXX_LANGUAGE_STANDARD = "gnu++0x";
				CLANG_CXX_LIBRARY = "libc++";
				CLANG_ENABLE_MODULES = YES;
				CLANG_ENABLE_OBJC_ARC = YES;
				CLANG_WARN_BOOL_CONVERSION = YES;
				CLANG_WARN_CONSTANT_CONVERSION = YES;
				CLANG_WARN_DIRECT_OBJC_ISA_USAGE = YES_ERROR;
				CLANG_WARN_DOCUMENTATION_COMMENTS = YES;
				CLANG_WARN_EMPTY_BODY = YES;
				CLANG_WARN_ENUM_CONVERSION = YES;
				CLANG_WARN_INFINITE_RECURSION = YES;
				CLANG_WARN_INT_CONVERSION = YES;
				CLANG_WARN_OBJC_ROOT_CLASS = YES_ERROR;
				CLANG_WARN_SUSPICIOUS_MOVE = YES;
				CLANG_WARN_UNREACHABLE_CODE = YES;
				CLANG_WARN__DUPLICATE_METHOD_MATCH = YES;
				"CODE_SIGN_IDENTITY[sdk=iphoneos*]" = "iPhone Developer";
				COPY_PHASE_STRIP = NO;
				DEBUG_INFORMATION_FORMAT = "dwarf-with-dsym";
				ENABLE_NS_ASSERTIONS = NO;
				ENABLE_STRICT_OBJC_MSGSEND = YES;
				GCC_C_LANGUAGE_STANDARD = gnu99;
				GCC_NO_COMMON_BLOCKS = YES;
				GCC_WARN_64_TO_32_BIT_CONVERSION = YES;
				GCC_WARN_ABOUT_RETURN_TYPE = YES_ERROR;
				GCC_WARN_UNDECLARED_SELECTOR = YES;
				GCC_WARN_UNINITIALIZED_AUTOS = YES_AGGRESSIVE;
				GCC_WARN_UNUSED_FUNCTION = YES;
				GCC_WARN_UNUSED_VARIABLE = YES;
				IPHONEOS_DEPLOYMENT_TARGET = 10.2;
				MTL_ENABLE_DEBUG_INFO = NO;
				SDKROOT = iphoneos;
				SWIFT_OPTIMIZATION_LEVEL = "-Owholemodule";
				TARGETED_DEVICE_FAMILY = "1,2";
				VALIDATE_PRODUCT = YES;
			};
			name = Release;
		};
		17E98B5220285D5C004DF59F /* Debug */ = {
			isa = XCBuildConfiguration;
			baseConfigurationReference = 1174E47E1EEA2734053B04C3 /* Pods-tableview_task.debug.xcconfig */;
			buildSettings = {
				ASSETCATALOG_COMPILER_APPICON_NAME = AppIcon;
				INFOPLIST_FILE = tableview_task/Info.plist;
				LD_RUNPATH_SEARCH_PATHS = "$(inherited) @executable_path/Frameworks";
				PRODUCT_BUNDLE_IDENTIFIER = "rahul.tableview-task";
				PRODUCT_NAME = "$(TARGET_NAME)";
				SWIFT_VERSION = 3.0;
			};
			name = Debug;
		};
		17E98B5320285D5C004DF59F /* Release */ = {
			isa = XCBuildConfiguration;
			baseConfigurationReference = 42FFD02556824564FB35C224 /* Pods-tableview_task.release.xcconfig */;
			buildSettings = {
				ASSETCATALOG_COMPILER_APPICON_NAME = AppIcon;
				INFOPLIST_FILE = tableview_task/Info.plist;
				LD_RUNPATH_SEARCH_PATHS = "$(inherited) @executable_path/Frameworks";
				PRODUCT_BUNDLE_IDENTIFIER = "rahul.tableview-task";
				PRODUCT_NAME = "$(TARGET_NAME)";
				SWIFT_VERSION = 3.0;
			};
			name = Release;
		};
		17E98B5520285D5C004DF59F /* Debug */ = {
			isa = XCBuildConfiguration;
			baseConfigurationReference = 9583AEE9DA38C80897BE6DA9 /* Pods-tableview_taskTests.debug.xcconfig */;
			buildSettings = {
				ALWAYS_EMBED_SWIFT_STANDARD_LIBRARIES = YES;
				BUNDLE_LOADER = "$(TEST_HOST)";
				INFOPLIST_FILE = tableview_taskTests/Info.plist;
				LD_RUNPATH_SEARCH_PATHS = "$(inherited) @executable_path/Frameworks @loader_path/Frameworks";
				PRODUCT_BUNDLE_IDENTIFIER = "rahul.tableview-taskTests";
				PRODUCT_NAME = "$(TARGET_NAME)";
				SWIFT_VERSION = 3.0;
				TEST_HOST = "$(BUILT_PRODUCTS_DIR)/tableview_task.app/tableview_task";
			};
			name = Debug;
		};
		17E98B5620285D5C004DF59F /* Release */ = {
			isa = XCBuildConfiguration;
			baseConfigurationReference = ABA21AE7198A686B6A80199D /* Pods-tableview_taskTests.release.xcconfig */;
			buildSettings = {
				ALWAYS_EMBED_SWIFT_STANDARD_LIBRARIES = YES;
				BUNDLE_LOADER = "$(TEST_HOST)";
				INFOPLIST_FILE = tableview_taskTests/Info.plist;
				LD_RUNPATH_SEARCH_PATHS = "$(inherited) @executable_path/Frameworks @loader_path/Frameworks";
				PRODUCT_BUNDLE_IDENTIFIER = "rahul.tableview-taskTests";
				PRODUCT_NAME = "$(TARGET_NAME)";
				SWIFT_VERSION = 3.0;
				TEST_HOST = "$(BUILT_PRODUCTS_DIR)/tableview_task.app/tableview_task";
			};
			name = Release;
		};
		17E98B5820285D5C004DF59F /* Debug */ = {
			isa = XCBuildConfiguration;
			baseConfigurationReference = 49D6A316D3671154D1E29A52 /* Pods-tableview_taskUITests.debug.xcconfig */;
			buildSettings = {
				ALWAYS_EMBED_SWIFT_STANDARD_LIBRARIES = YES;
				INFOPLIST_FILE = tableview_taskUITests/Info.plist;
				LD_RUNPATH_SEARCH_PATHS = "$(inherited) @executable_path/Frameworks @loader_path/Frameworks";
				PRODUCT_BUNDLE_IDENTIFIER = "rahul.tableview-taskUITests";
				PRODUCT_NAME = "$(TARGET_NAME)";
				SWIFT_VERSION = 3.0;
				TEST_TARGET_NAME = tableview_task;
			};
			name = Debug;
		};
		17E98B5920285D5C004DF59F /* Release */ = {
			isa = XCBuildConfiguration;
			baseConfigurationReference = 743B9D420ED32FA98E4A6C57 /* Pods-tableview_taskUITests.release.xcconfig */;
			buildSettings = {
				ALWAYS_EMBED_SWIFT_STANDARD_LIBRARIES = YES;
				INFOPLIST_FILE = tableview_taskUITests/Info.plist;
				LD_RUNPATH_SEARCH_PATHS = "$(inherited) @executable_path/Frameworks @loader_path/Frameworks";
				PRODUCT_BUNDLE_IDENTIFIER = "rahul.tableview-taskUITests";
				PRODUCT_NAME = "$(TARGET_NAME)";
				SWIFT_VERSION = 3.0;
				TEST_TARGET_NAME = tableview_task;
			};
			name = Release;
		};
/* End XCBuildConfiguration section */

/* Begin XCConfigurationList section */
		17E98B2420285D5B004DF59F /* Build configuration list for PBXProject "tableview_task" */ = {
			isa = XCConfigurationList;
			buildConfigurations = (
				17E98B4F20285D5C004DF59F /* Debug */,
				17E98B5020285D5C004DF59F /* Release */,
			);
			defaultConfigurationIsVisible = 0;
			defaultConfigurationName = Release;
		};
		17E98B5120285D5C004DF59F /* Build configuration list for PBXNativeTarget "tableview_task" */ = {
			isa = XCConfigurationList;
			buildConfigurations = (
				17E98B5220285D5C004DF59F /* Debug */,
				17E98B5320285D5C004DF59F /* Release */,
			);
			defaultConfigurationIsVisible = 0;
			defaultConfigurationName = Release;
		};
		17E98B5420285D5C004DF59F /* Build configuration list for PBXNativeTarget "tableview_taskTests" */ = {
			isa = XCConfigurationList;
			buildConfigurations = (
				17E98B5520285D5C004DF59F /* Debug */,
				17E98B5620285D5C004DF59F /* Release */,
			);
			defaultConfigurationIsVisible = 0;
			defaultConfigurationName = Release;
		};
		17E98B5720285D5C004DF59F /* Build configuration list for PBXNativeTarget "tableview_taskUITests" */ = {
			isa = XCConfigurationList;
			buildConfigurations = (
				17E98B5820285D5C004DF59F /* Debug */,
				17E98B5920285D5C004DF59F /* Release */,
			);
			defaultConfigurationIsVisible = 0;
			defaultConfigurationName = Release;
		};
/* End XCConfigurationList section */
	};
	rootObject = 17E98B2120285D5B004DF59F /* Project object */;
}
